# This file was autogenerated by Stack.
# You should not edit this file by hand.
# For more information, please see the documentation at:
#   https://docs.haskellstack.org/en/stable/topics/lock_files

packages:
- completed:
    hackage: clock-0.8.4@sha256:b938655b00cf204ce69abfff946021bed111d2609a9f7a9c22e28a1a202e9115,4631
    pantry-tree:
      sha256: 0ca511f7ea409e65a9de5539f265bb906a3eec6a4ac1a201731a8a328120cc88
      size: 499
  original:
    hackage: clock-0.8.4
- completed:
    hackage: dequeue-0.1.12@sha256:547c2a71819dca0ae1bf7c15fb290b39f80d5d9a6f9985a06a1cb8645b578df2,855
    pantry-tree:
      sha256: ac0f83f7cf92d5858f9f3b1d61b9da52fa2918af8eebde1e0bc7bb652c2d3d99
      size: 436
  original:
    hackage: dequeue-0.1.12
- completed:
    hackage: elsa-0.2.2.0@sha256:94932425d58089c65df1e598f55a9905723b668ce27b978e2b9c676400193aa1,2312
    pantry-tree:
      sha256: 84281b48518a1032333b83a22c93aa55b95671d7568b77396ccb37106c5be19e
      size: 811
  original:
    hackage: elsa-0.2.2.0
- completed:
    hackage: megaparsec-9.3.1@sha256:2441128551a0e61f783228bd9a24ed1842e872abd53ceaa6d8b5e67c50da373f,3219
    pantry-tree:
      sha256: 1137b1fc47a14d851fbba7ea343014119bf1f3934acdb5c3f1151216cf0f2ccc
      size: 1519
  original:
    hackage: megaparsec-9.3.1
snapshots:
- completed:
    sha256: 60e54c1ba3c1e7163acf6dafa9d56b2d3b23f88a31ad53a1c9d888f32561f8da
    size: 639819
    url: https://raw.githubusercontent.com/commercialhaskell/stackage-snapshots/master/lts/21/14.yaml
  original: lts-21.14
